
Microsoft Visual Studio Solution File, Format Version 12.00
# Visual Studio Version 16
VisualStudioVersion = 16.0.31624.102
MinimumVisualStudioVersion = 10.0.40219.1
Project("{9A19103F-16F7-4668-BE54-9A1E7A4F7556}") = "SistemaBancarioAPI", "SistemaBancarioAPI\SistemaBancarioAPI.csproj", "{4889402A-3525-478E-8CDC-D22A07E29731}"
EndProject
Project("{FAE04EC0-301F-11D3-BF4B-00C04F79EFBC}") = "SistemaBancarioTest", "SistemaBancarioTest\SistemaBancarioTest.csproj", "{1C9B1B47-8F74-48E2-ACC0-C36DD64AA64B}"
EndProject
Global
	GlobalSection(SolutionConfigurationPlatforms) = preSolution
		Debug|Any CPU = Debug|Any CPU
		Release|Any CPU = Release|Any CPU
	EndGlobalSection
	GlobalSection(ProjectConfigurationPlatforms) = postSolution
		{4889402A-3525-478E-8CDC-D22A07E29731}.Debug|Any CPU.ActiveCfg = Debug|Any CPU
		{4889402A-3525-478E-8CDC-D22A07E29731}.Debug|Any CPU.Build.0 = Debug|Any CPU
		{4889402A-3525-478E-8CDC-D22A07E29731}.Release|Any CPU.ActiveCfg = Release|Any CPU
		{4889402A-3525-478E-8CDC-D22A07E29731}.Release|Any CPU.Build.0 = Release|Any CPU
		{1C9B1B47-8F74-48E2-ACC0-C36DD64AA64B}.Debug|Any CPU.ActiveCfg = Debug|Any CPU
		{1C9B1B47-8F74-48E2-ACC0-C36DD64AA64B}.Debug|Any CPU.Build.0 = Debug|Any CPU
		{1C9B1B47-8F74-48E2-ACC0-C36DD64AA64B}.Release|Any CPU.ActiveCfg = Release|Any CPU
		{1C9B1B47-8F74-48E2-ACC0-C36DD64AA64B}.Release|Any CPU.Build.0 = Release|Any CPU
	EndGlobalSection
	GlobalSection(SolutionProperties) = preSolution
		HideSolutionNode = FALSE
	EndGlobalSection
	GlobalSection(ExtensibilityGlobals) = postSolution
		SolutionGuid = {64BC7FF9-C66F-4794-B4CF-61A55409CAFC}
	EndGlobalSection
EndGlobal
